<?xml version="1.0" encoding="utf-8"?>
<Project ToolsVersion="4.0" xmlns="http://schemas.microsoft.com/developer/msbuild/2003">
  <ItemGroup>
    <Filter Include="源文件">
      <UniqueIdentifier>{4FC737F1-C7A5-4376-A066-2A32D752A2FF}</UniqueIdentifier>
      <Extensions>cpp;c;cc;cxx;def;odl;idl;hpj;bat;asm;asmx</Extensions>
    </Filter>
    <Filter Include="头文件">
      <UniqueIdentifier>{93995380-89BD-4b04-88EB-625FBE52EBFB}</UniqueIdentifier>
      <Extensions>h;hh;hpp;hxx;hm;inl;inc;xsd</Extensions>
    </Filter>
    <Filter Include="资源文件">
      <UniqueIdentifier>{67DA6AB6-F800-4c08-8B7A-83BB121AAD01}</UniqueIdentifier>
      <Extensions>rc;ico;cur;bmp;dlg;rc2;rct;bin;rgs;gif;jpg;jpeg;jpe;resx;tiff;tif;png;wav;mfcribbon-ms</Extensions>
    </Filter>
  </ItemGroup>
  <ItemGroup>
    <Text Include="ReadMe.txt" />
  </ItemGroup>
  <ItemGroup>
    <ClInclude Include="Interactive_plotting.h">
      <Filter>头文件</Filter>
    </ClInclude>
    <ClInclude Include="stdafx.h">
      <Filter>头文件</Filter>
    </ClInclude>
    <ClInclude Include="targetver.h">
      <Filter>头文件</Filter>
    </ClInclude>
    <ClInclude Include="MainFrm.h">
      <Filter>头文件</Filter>
    </ClInclude>
    <ClInclude Include="Interactive_plottingDoc.h">
      <Filter>头文件</Filter>
    </ClInclude>
    <ClInclude Include="Interactive_plottingView.h">
      <Filter>头文件</Filter>
    </ClInclude>
    <ClInclude Include="Resource.h">
      <Filter>头文件</Filter>
    </ClInclude>
    <ClInclude Include="DrawSettingDlg.h">
      <Filter>头文件</Filter>
    </ClInclude>
    <ClInclude Include="Graph.h">
      <Filter>头文件</Filter>
    </ClInclude>
    <ClInclude Include="GraphStyleEdit.h">
      <Filter>头文件</Filter>
    </ClInclude>
  </ItemGroup>
  <ItemGroup>
    <ClCompile Include="Interactive_plotting.cpp">
      <Filter>源文件</Filter>
    </ClCompile>
    <ClCompile Include="stdafx.cpp">
      <Filter>源文件</Filter>
    </ClCompile>
    <ClCompile Include="MainFrm.cpp">
      <Filter>源文件</Filter>
    </ClCompile>
    <ClCompile Include="Interactive_plottingDoc.cpp">
      <Filter>源文件</Filter>
    </ClCompile>
    <ClCompile Include="Interactive_plottingView.cpp">
      <Filter>源文件</Filter>
    </ClCompile>
    <ClCompile Include="DrawSettingDlg.cpp">
      <Filter>源文件</Filter>
    </ClCompile>
    <ClCompile Include="Graph.cpp">
      <Filter>源文件</Filter>
    </ClCompile>
    <ClCompile Include="GraphStyleEdit.cpp">
      <Filter>源文件</Filter>
    </ClCompile>
  </ItemGroup>
  <ItemGroup>
    <ResourceCompile Include="Interactive_plotting.rc">
      <Filter>资源文件</Filter>
    </ResourceCompile>
  </ItemGroup>
  <ItemGroup>
    <None Include="res\Interactive_plotting.rc2">
      <Filter>资源文件</Filter>
    </None>
  </ItemGroup>
  <ItemGroup>
    <Image Include="res\Interactive_plottingDoc.ico">
      <Filter>资源文件</Filter>
    </Image>
    <Image Include="res\Interactive_plotting.ico">
      <Filter>资源文件</Filter>
    </Image>
    <Image Include="res\Toolbar.bmp">
      <Filter>资源文件</Filter>
    </Image>
    <Image Include="..\..\..\..\Downloads\favicon-2015102702151540.ico">
      <Filter>资源文件</Filter>
    </Image>
    <Image Include="..\..\..\..\Downloads\favicon-2015102702151590.ico">
      <Filter>资源文件</Filter>
    </Image>
    <Image Include="..\..\..\..\Downloads\favicon-20151027021515112.ico">
      <Filter>资源文件</Filter>
    </Image>
    <Image Include="..\..\..\..\Downloads\favicon-20151027021515220.ico">
      <Filter>资源文件</Filter>
    </Image>
    <Image Include="..\..\..\..\Downloads\favicon-20151027021515365.ico">
      <Filter>资源文件</Filter>
    </Image>
    <Image Include="..\..\..\..\Downloads\favicon-20151027021515656.ico">
      <Filter>资源文件</Filter>
    </Image>
    <Image Include="..\..\..\..\Downloads\favicon-20151027021515838.ico">
      <Filter>资源文件</Filter>
    </Image>
    <Image Include="..\..\..\..\Downloads\favicon-20151027021750131.ico">
      <Filter>资源文件</Filter>
    </Image>
    <Image Include="..\..\..\..\Downloads\favicon-20151027022532125.ico">
      <Filter>资源文件</Filter>
    </Image>
  </ItemGroup>
</Project>